
Microsoft Visual Studio Solution File, Format Version 12.00
Project("{FAE04EC0-301F-11D3-BF4B-00C04F79EFBC}") = "SingleResponsability", "SingleResponsability\SingleResponsability.csproj", "{EC855949-04C6-4AE4-AEB6-4F7026DB47E6}"
EndProject
Global
	GlobalSection(SolutionConfigurationPlatforms) = preSolution
		Debug|Any CPU = Debug|Any CPU
		Release|Any CPU = Release|Any CPU
	EndGlobalSection
	GlobalSection(ProjectConfigurationPlatforms) = postSolution
		{EC855949-04C6-4AE4-AEB6-4F7026DB47E6}.Debug|Any CPU.ActiveCfg = Debug|Any CPU
		{EC855949-04C6-4AE4-AEB6-4F7026DB47E6}.Debug|Any CPU.Build.0 = Debug|Any CPU
		{EC855949-04C6-4AE4-AEB6-4F7026DB47E6}.Release|Any CPU.ActiveCfg = Release|Any CPU
		{EC855949-04C6-4AE4-AEB6-4F7026DB47E6}.Release|Any CPU.Build.0 = Release|Any CPU
	EndGlobalSection
EndGlobal
