
Microsoft Visual Studio Solution File, Format Version 12.00
Project("{FAE04EC0-301F-11D3-BF4B-00C04F79EFBC}") = "Iterator", "Iterator\Iterator.csproj", "{E3851597-0C2E-4C63-A920-A3944BF8F593}"
EndProject
Global
	GlobalSection(SolutionConfigurationPlatforms) = preSolution
		Debug|Any CPU = Debug|Any CPU
		Release|Any CPU = Release|Any CPU
	EndGlobalSection
	GlobalSection(ProjectConfigurationPlatforms) = postSolution
		{E3851597-0C2E-4C63-A920-A3944BF8F593}.Debug|Any CPU.ActiveCfg = Debug|Any CPU
		{E3851597-0C2E-4C63-A920-A3944BF8F593}.Debug|Any CPU.Build.0 = Debug|Any CPU
		{E3851597-0C2E-4C63-A920-A3944BF8F593}.Release|Any CPU.ActiveCfg = Release|Any CPU
		{E3851597-0C2E-4C63-A920-A3944BF8F593}.Release|Any CPU.Build.0 = Release|Any CPU
	EndGlobalSection
EndGlobal
