
Microsoft Visual Studio Solution File, Format Version 12.00
Project("{FAE04EC0-301F-11D3-BF4B-00C04F79EFBC}") = "FluentBuilder", "FluentBuilder\FluentBuilder.csproj", "{9E37D8A2-CAD8-463F-A7CD-C28D083242EB}"
EndProject
Global
	GlobalSection(SolutionConfigurationPlatforms) = preSolution
		Debug|Any CPU = Debug|Any CPU
		Release|Any CPU = Release|Any CPU
	EndGlobalSection
	GlobalSection(ProjectConfigurationPlatforms) = postSolution
		{9E37D8A2-CAD8-463F-A7CD-C28D083242EB}.Debug|Any CPU.ActiveCfg = Debug|Any CPU
		{9E37D8A2-CAD8-463F-A7CD-C28D083242EB}.Debug|Any CPU.Build.0 = Debug|Any CPU
		{9E37D8A2-CAD8-463F-A7CD-C28D083242EB}.Release|Any CPU.ActiveCfg = Release|Any CPU
		{9E37D8A2-CAD8-463F-A7CD-C28D083242EB}.Release|Any CPU.Build.0 = Release|Any CPU
	EndGlobalSection
EndGlobal
